
Microsoft Visual Studio Solution File, Format Version 12.00
# Visual Studio Version 17
VisualStudioVersion = 17.6.33815.320
MinimumVisualStudioVersion = 10.0.40219.1
Project("{FAE04EC0-301F-11D3-BF4B-00C04F79EFBC}") = "assign14", "assign14.csproj", "{DA15CFFD-97DE-4A93-BD50-1600E4022BDA}"
EndProject
Global
	GlobalSection(SolutionConfigurationPlatforms) = preSolution
		Debug|Any CPU = Debug|Any CPU
		Release|Any CPU = Release|Any CPU
	EndGlobalSection
	GlobalSection(ProjectConfigurationPlatforms) = postSolution
		{DA15CFFD-97DE-4A93-BD50-1600E4022BDA}.Debug|Any CPU.ActiveCfg = Debug|Any CPU
		{DA15CFFD-97DE-4A93-BD50-1600E4022BDA}.Debug|Any CPU.Build.0 = Debug|Any CPU
		{DA15CFFD-97DE-4A93-BD50-1600E4022BDA}.Release|Any CPU.ActiveCfg = Release|Any CPU
		{DA15CFFD-97DE-4A93-BD50-1600E4022BDA}.Release|Any CPU.Build.0 = Release|Any CPU
	EndGlobalSection
	GlobalSection(SolutionProperties) = preSolution
		HideSolutionNode = FALSE
	EndGlobalSection
	GlobalSection(ExtensibilityGlobals) = postSolution
		SolutionGuid = {2A713942-C2D8-427B-83FC-BDB7011E2DA5}
	EndGlobalSection
EndGlobal
